# This file is automatically @generated by Cargo.
# It is not intended for manual editing.
version = 3

[[package]]
name = "arrayvec"
version = "0.7.2"
source = "registry+https://github.com/rust-lang/crates.io-index"
checksum = "8da52d66c7071e2e3fa2a1e5c6d088fec47b593032b254f5e980de8ea54454d6"

[[package]]
name = "autocfg"
version = "1.1.0"
source = "registry+https://github.com/rust-lang/crates.io-index"
checksum = "d468802bab17cbc0cc575e9b053f41e72aa36bfa6b7f55e3529ffa43161b97fa"

[[package]]
name = "cc"
version = "1.0.73"
source = "registry+https://github.com/rust-lang/crates.io-index"
checksum = "2fff2a6927b3bb87f9595d67196a70493f627687a71d87a0d692242c33f58c11"

[[package]]
name = "components-arena"
version = "3.3.5"
source = "registry+https://github.com/rust-lang/crates.io-index"
checksum = "6f7541107985103485839d697e4771c6427248040c8c1a168b795f1edfc75d06"
dependencies = [
 "components-arena-traits",
 "composable-allocators",
 "educe",
 "either",
 "generics",
 "phantom-type",
 "rand",
]

[[package]]
name = "components-arena-traits"
version = "1.0.1"
source = "registry+https://github.com/rust-lang/crates.io-index"
checksum = "4918e6527b7f815a5452188ff06b8b045dae899a3f8dc57e7dd65c3948229170"

[[package]]
name = "composable-allocators"
version = "0.1.7"
source = "registry+https://github.com/rust-lang/crates.io-index"
checksum = "136da9b797594250c9312f453cd6cb59cfd05e964a865cd3500a9bdf42e6b711"
dependencies = [
 "libc",
 "winapi",
]

[[package]]
name = "dos-cp"
version = "0.0.2"
source = "registry+https://github.com/rust-lang/crates.io-index"
checksum = "d3d029ee0f63b834b29220510d82bd11b7677ca4c2c68e8eeefdb54ebdc3f8bd"

[[package]]
name = "educe"
version = "0.4.19"
source = "registry+https://github.com/rust-lang/crates.io-index"
checksum = "c07b7cc9cd8c08d10db74fca3b20949b9b6199725c04a0cce6d543496098fcac"
dependencies = [
 "enum-ordinalize",
 "proc-macro2",
 "quote",
 "syn",
]

[[package]]
name = "either"
version = "1.7.0"
source = "registry+https://github.com/rust-lang/crates.io-index"
checksum = "3f107b87b6afc2a64fd13cac55fe06d6c8859f12d4b14cbcdd2c67d0976781be"

[[package]]
name = "enum-derive-2018"
version = "2.0.1"
source = "registry+https://github.com/rust-lang/crates.io-index"
checksum = "4c12aad72e0c5b4f1e0cc866187d8812deeaa1fccc892d3baf44c2b154d3e27b"

[[package]]
name = "enum-ordinalize"
version = "3.1.11"
source = "registry+https://github.com/rust-lang/crates.io-index"
checksum = "2170fc0efee383079a8bdd05d6ea2a184d2a0f07a1c1dcabdb2fd5e9f24bc36c"
dependencies = [
 "num-bigint",
 "num-traits",
 "proc-macro2",
 "quote",
 "rustc_version",
 "syn",
]

[[package]]
name = "enumn"
version = "0.1.4"
source = "registry+https://github.com/rust-lang/crates.io-index"
checksum = "052bc8773a98bd051ff37db74a8a25f00e6bfa2cbd03373390c72e9f7afbf344"
dependencies = [
 "proc-macro2",
 "quote",
 "syn",
]

[[package]]
name = "errno-no-std"
version = "0.1.5"
source = "registry+https://github.com/rust-lang/crates.io-index"
checksum = "81c2e54af94598c53c178156725270d3f5486ac649833181f2d51efb51fa310b"
dependencies = [
 "errno-sys",
 "libc",
 "widestring",
 "winapi",
]

[[package]]
name = "errno-sys"
version = "0.1.0"
source = "registry+https://github.com/rust-lang/crates.io-index"
checksum = "9c0007216af1525058024bc6dc15bbd2ffe8af877f0fbf754fbdb78c59d634e8"
dependencies = [
 "cc",
 "libc",
]

[[package]]
name = "exit-no-std"
version = "0.1.2"
source = "registry+https://github.com/rust-lang/crates.io-index"
checksum = "f39dd4d71d48cbeb0499f0d89215868ff4ee3459f15b54212454d829bf956ac9"
dependencies = [
 "libc",
 "pc-ints",
 "winapi",
]

[[package]]
name = "generics"
version = "0.4.4"
source = "registry+https://github.com/rust-lang/crates.io-index"
checksum = "9b68c8c0cd22a26e4524fa3847c0bb2368a824c6d10e40b10b26f88516d7ed8b"

[[package]]
name = "int-vec-2d"
version = "0.1.1"
source = "registry+https://github.com/rust-lang/crates.io-index"
checksum = "da29d317392aa77c943ff2203206add51186f9522b7f7d02b6f779411ebf1648"
dependencies = [
 "either",
 "enum-derive-2018",
 "macro-attr-2018",
 "num-traits",
]

[[package]]
name = "libc"
version = "0.2.126"
source = "registry+https://github.com/rust-lang/crates.io-index"
checksum = "349d5a591cd28b49e1d1037471617a32ddcda5731b99419008085f72d5a53836"

[[package]]
name = "macro-attr-2018"
version = "2.1.2"
source = "registry+https://github.com/rust-lang/crates.io-index"
checksum = "66fbbf2d3635c91b436074cf14a7c8948dc608e193c9d2b389bdc64aae2ca37b"

[[package]]
name = "num-bigint"
version = "0.4.3"
source = "registry+https://github.com/rust-lang/crates.io-index"
checksum = "f93ab6289c7b344a8a9f60f88d80aa20032336fe78da341afc91c8a2341fc75f"
dependencies = [
 "autocfg",
 "num-integer",
 "num-traits",
]

[[package]]
name = "num-integer"
version = "0.1.45"
source = "registry+https://github.com/rust-lang/crates.io-index"
checksum = "225d3389fb3509a24c93f5c29eb6bde2586b98d9f016636dff58d7c6f7569cd9"
dependencies = [
 "autocfg",
 "num-traits",
]

[[package]]
name = "num-traits"
version = "0.2.15"
source = "registry+https://github.com/rust-lang/crates.io-index"
checksum = "578ede34cf02f8924ab9447f50c28075b4d3e5b269972345e7e0372b38c6cdcd"
dependencies = [
 "autocfg",
]

[[package]]
name = "panicking"
version = "0.4.0"
source = "registry+https://github.com/rust-lang/crates.io-index"
checksum = "21eb594cd667adf943bf4617e74ca71e2f4041f2fa630d5fc7be9314a1b480de"

[[package]]
name = "paste"
version = "1.0.7"
source = "registry+https://github.com/rust-lang/crates.io-index"
checksum = "0c520e05135d6e763148b6426a837e239041653ba7becd2e538c076c738025fc"

[[package]]
name = "pc-ints"
version = "0.1.3"
source = "registry+https://github.com/rust-lang/crates.io-index"
checksum = "bade57431f9d41e338c9c908460a02e22a70a8b30fe758856fd026330e956018"

[[package]]
name = "pc-timer"
version = "0.0.2"
source = "registry+https://github.com/rust-lang/crates.io-index"
checksum = "93fb575636d4522acf01cab8d3a86c99ca430360cc48c191631810d59a7622f6"
dependencies = [
 "pc-ints",
]

[[package]]
name = "phantom-type"
version = "0.4.2"
source = "registry+https://github.com/rust-lang/crates.io-index"
checksum = "e68f5dc797c2a743e024e1c53215474598faf0408826a90249569ad7f47adeaa"
dependencies = [
 "educe",
]

[[package]]
name = "pkg-config"
version = "0.3.25"
source = "registry+https://github.com/rust-lang/crates.io-index"
checksum = "1df8c4ec4b0627e53bdf214615ad287367e482558cf84b109250b37464dc03ae"

[[package]]
name = "pmevm"
version = "0.0.0"
dependencies = [
 "composable-allocators",
 "exit-no-std",
 "panicking",
 "paste",
 "pmevm-backend",
 "timer-no-std",
 "tuifw-screen",
 "tuifw-window",
]

[[package]]
name = "pmevm-backend"
version = "0.0.0"
dependencies = [
 "arrayvec",
 "educe",
 "enumn",
]

[[package]]
name = "proc-macro2"
version = "1.0.40"
source = "registry+https://github.com/rust-lang/crates.io-index"
checksum = "dd96a1e8ed2596c337f8eae5f24924ec83f5ad5ab21ea8e455d3566c69fbcaf7"
dependencies = [
 "unicode-ident",
]

[[package]]
name = "quote"
version = "1.0.20"
source = "registry+https://github.com/rust-lang/crates.io-index"
checksum = "3bcdf212e9776fbcb2d23ab029360416bb1706b1aea2d1a5ba002727cbcab804"
dependencies = [
 "proc-macro2",
]

[[package]]
name = "rand"
version = "0.8.5"
source = "registry+https://github.com/rust-lang/crates.io-index"
checksum = "34af8d1a0e25924bc5b7c43c079c942339d8f0a8b57c39049bef581b46327404"
dependencies = [
 "rand_core",
]

[[package]]
name = "rand_core"
version = "0.6.3"
source = "registry+https://github.com/rust-lang/crates.io-index"
checksum = "d34f1408f55294453790c48b2f1ebbb1c5b4b7563eb1f418bcfcfdbb06ebb4e7"

[[package]]
name = "rustc_version"
version = "0.4.0"
source = "registry+https://github.com/rust-lang/crates.io-index"
checksum = "bfa0f585226d2e68097d4f95d113b15b83a82e819ab25717ec0590d9584ef366"
dependencies = [
 "semver",
]

[[package]]
name = "semver"
version = "1.0.12"
source = "registry+https://github.com/rust-lang/crates.io-index"
checksum = "a2333e6df6d6598f2b1974829f853c2b4c5f4a6e503c10af918081aa6f8564e1"

[[package]]
name = "syn"
version = "1.0.98"
source = "registry+https://github.com/rust-lang/crates.io-index"
checksum = "c50aef8a904de4c23c788f104b7dddc7d6f79c647c7c8ce4cc8f73eb0ca773dd"
dependencies = [
 "proc-macro2",
 "quote",
 "unicode-ident",
]

[[package]]
name = "timer-no-std"
version = "0.3.0"
source = "registry+https://github.com/rust-lang/crates.io-index"
checksum = "f3ecd6bf61a1742db2dbd33290fa42b86b349f500ab6b912578902435fa7de6e"
dependencies = [
 "educe",
 "libc",
 "num-traits",
 "pc-timer",
 "winapi",
]

[[package]]
name = "tuifw-screen"
version = "0.16.3"
source = "registry+https://github.com/rust-lang/crates.io-index"
checksum = "1aee2730650175eb3a35979944b99cf912a5545ab547a4d379b27a1262c9a506"
dependencies = [
 "errno-no-std",
 "tuifw-screen-base",
 "tuifw-screen-dos",
 "tuifw-screen-ncurses",
 "tuifw-screen-winapi",
]

[[package]]
name = "tuifw-screen-base"
version = "0.16.3"
source = "registry+https://github.com/rust-lang/crates.io-index"
checksum = "ce7b62ce68c0c4f65a4d8b0f930d27027b2833532606604e58edb710d4ddb4f4"
dependencies = [
 "enum-derive-2018",
 "errno-no-std",
 "int-vec-2d",
 "macro-attr-2018",
]

[[package]]
name = "tuifw-screen-dos"
version = "0.16.3"
source = "registry+https://github.com/rust-lang/crates.io-index"
checksum = "b1a0674a89f134e0e588eaf797555048858147fb0e7349ec9c4c1b78980e721d"
dependencies = [
 "dos-cp",
 "errno-no-std",
 "panicking",
 "pc-ints",
 "tuifw-screen-base",
]

[[package]]
name = "tuifw-screen-ncurses"
version = "0.16.3"
source = "registry+https://github.com/rust-lang/crates.io-index"
checksum = "1e5f820a3c28300121c55ca6f3b9926493b00fd8b0f0ef81f5adf3ba790407aa"
dependencies = [
 "cc",
 "either",
 "errno-no-std",
 "libc",
 "panicking",
 "pkg-config",
 "tuifw-screen-base",
 "unicode-width",
]

[[package]]
name = "tuifw-screen-winapi"
version = "0.16.3"
source = "registry+https://github.com/rust-lang/crates.io-index"
checksum = "a51b277130adfc49ecb78ea6c103c381dcc260b5955c81778925e651a1795a7b"
dependencies = [
 "either",
 "errno-no-std",
 "num-traits",
 "panicking",
 "tuifw-screen-base",
 "winapi",
]

[[package]]
name = "tuifw-window"
version = "0.16.3"
source = "registry+https://github.com/rust-lang/crates.io-index"
checksum = "f793b7b87906a669a31487573df10613a61f674bfb10edabe77be888973fa039"
dependencies = [
 "components-arena",
 "educe",
 "errno-no-std",
 "macro-attr-2018",
 "tuifw-screen-base",
]

[[package]]
name = "unicode-ident"
version = "1.0.1"
source = "registry+https://github.com/rust-lang/crates.io-index"
checksum = "5bd2fe26506023ed7b5e1e315add59d6f584c621d037f9368fea9cfb988f368c"

[[package]]
name = "unicode-width"
version = "0.1.9"
source = "registry+https://github.com/rust-lang/crates.io-index"
checksum = "3ed742d4ea2bd1176e236172c8429aaf54486e7ac098db29ffe6529e0ce50973"

[[package]]
name = "widestring"
version = "1.0.1"
source = "registry+https://github.com/rust-lang/crates.io-index"
checksum = "a5ebb1abbff1aa611839e14864856c9fc67d3af74593e3cb79f3d56ffdf9e443"

[[package]]
name = "winapi"
version = "0.3.9"
source = "registry+https://github.com/rust-lang/crates.io-index"
checksum = "5c839a674fcd7a98952e593242ea400abe93992746761e38641405d28b00f419"
dependencies = [
 "winapi-i686-pc-windows-gnu",
 "winapi-x86_64-pc-windows-gnu",
]

[[package]]
name = "winapi-i686-pc-windows-gnu"
version = "0.4.0"
source = "registry+https://github.com/rust-lang/crates.io-index"
checksum = "ac3b87c63620426dd9b991e5ce0329eff545bccbbb34f3be09ff6fb6ab51b7b6"

[[package]]
name = "winapi-x86_64-pc-windows-gnu"
version = "0.4.0"
source = "registry+https://github.com/rust-lang/crates.io-index"
checksum = "712e227841d057c1ee1cd2fb22fa7e5a5461ae8e48fa2ca79ec42cfc1931183f"
